
Microsoft Visual Studio Solution File, Format Version 12.00
# Visual Studio Version 17
VisualStudioVersion = 17.8.34408.163
MinimumVisualStudioVersion = 10.0.40219.1
Project("{FAE04EC0-301F-11D3-BF4B-00C04F79EFBC}") = "TimeCheckScheduleReact.Server", "TimeCheckScheduleReact.Server\TimeCheckScheduleReact.Server.csproj", "{A778505B-2A0A-442C-8BE4-79F890E7A370}"
EndProject
Project("{54A90642-561A-4BB1-A94E-469ADEE60C69}") = "timecheckschedulereact.client", "timecheckschedulereact.client\timecheckschedulereact.client.esproj", "{B446FB2A-5292-44D7-AC7D-DE7B14846058}"
EndProject
Global
	GlobalSection(SolutionConfigurationPlatforms) = preSolution
		Debug|Any CPU = Debug|Any CPU
		Release|Any CPU = Release|Any CPU
	EndGlobalSection
	GlobalSection(ProjectConfigurationPlatforms) = postSolution
		{A778505B-2A0A-442C-8BE4-79F890E7A370}.Debug|Any CPU.ActiveCfg = Debug|Any CPU
		{A778505B-2A0A-442C-8BE4-79F890E7A370}.Debug|Any CPU.Build.0 = Debug|Any CPU
		{A778505B-2A0A-442C-8BE4-79F890E7A370}.Release|Any CPU.ActiveCfg = Release|Any CPU
		{A778505B-2A0A-442C-8BE4-79F890E7A370}.Release|Any CPU.Build.0 = Release|Any CPU
		{B446FB2A-5292-44D7-AC7D-DE7B14846058}.Debug|Any CPU.ActiveCfg = Debug|Any CPU
		{B446FB2A-5292-44D7-AC7D-DE7B14846058}.Debug|Any CPU.Build.0 = Debug|Any CPU
		{B446FB2A-5292-44D7-AC7D-DE7B14846058}.Debug|Any CPU.Deploy.0 = Debug|Any CPU
		{B446FB2A-5292-44D7-AC7D-DE7B14846058}.Release|Any CPU.ActiveCfg = Release|Any CPU
		{B446FB2A-5292-44D7-AC7D-DE7B14846058}.Release|Any CPU.Build.0 = Release|Any CPU
		{B446FB2A-5292-44D7-AC7D-DE7B14846058}.Release|Any CPU.Deploy.0 = Release|Any CPU
	EndGlobalSection
	GlobalSection(SolutionProperties) = preSolution
		HideSolutionNode = FALSE
	EndGlobalSection
	GlobalSection(ExtensibilityGlobals) = postSolution
		SolutionGuid = {F9FBB603-8007-4D12-971E-13E51EFC2F2F}
	EndGlobalSection
EndGlobal
